lockfileVersion: '6.0'

settings:
  autoInstallPeers: true
  excludeLinksFromLockfile: false

dependencies:
  es-html-parser:
    specifier: ^0.0.9
    version: 0.0.9

packages:

  /es-html-parser@0.0.9:
    resolution: {integrity: sha512-oniQMi+466VFsDzcdron9Ry/sqUJpDJg1bbDn0jFJKDdxXhwIOYDr4DgBnO5/yPLGj2xv+n5yy4L1Q0vAC5TYQ==}
    dev: false
